
Microsoft Visual Studio Solution File, Format Version 12.00
# Visual Studio Version 17
VisualStudioVersion = 17.3.32825.248
MinimumVisualStudioVersion = 10.0.40219.1
Project("{FAE04EC0-301F-11D3-BF4B-00C04F79EFBC}") = "Tek4TV_WebAPI", "Tek4TV_WebAPI\Tek4TV_WebAPI.csproj", "{3A5BD661-7A62-4352-ACD9-F534B72FB942}"
EndProject
Global
	GlobalSection(SolutionConfigurationPlatforms) = preSolution
		Debug|Any CPU = Debug|Any CPU
		Release|Any CPU = Release|Any CPU
	EndGlobalSection
	GlobalSection(ProjectConfigurationPlatforms) = postSolution
		{3A5BD661-7A62-4352-ACD9-F534B72FB942}.Debug|Any CPU.ActiveCfg = Debug|Any CPU
		{3A5BD661-7A62-4352-ACD9-F534B72FB942}.Debug|Any CPU.Build.0 = Debug|Any CPU
		{3A5BD661-7A62-4352-ACD9-F534B72FB942}.Release|Any CPU.ActiveCfg = Release|Any CPU
		{3A5BD661-7A62-4352-ACD9-F534B72FB942}.Release|Any CPU.Build.0 = Release|Any CPU
	EndGlobalSection
	GlobalSection(SolutionProperties) = preSolution
		HideSolutionNode = FALSE
	EndGlobalSection
	GlobalSection(ExtensibilityGlobals) = postSolution
		SolutionGuid = {24925EDA-7BC4-41F6-AFE7-92C2FE1B8D62}
	EndGlobalSection
EndGlobal
